// !$*UTF8*$!
{
	archiveVersion = 1;
	classes = {
	};
	objectVersion = 46;
	objects = {

/* Begin PBXBuildFile section */
		6E9F1ABF16ED5B46000356E1 /* UIKit.framework in Frameworks */ = {isa = PBXBuildFile; fileRef = 6E9F1ABE16ED5B46000356E1 /* UIKit.framework */; };
		6E9F1AC116ED5B46000356E1 /* Foundation.framework in Frameworks */ = {isa = PBXBuildFile; fileRef = 6E9F1AC016ED5B46000356E1 /* Foundation.framework */; };
		6E9F1AC716ED5B46000356E1 /* InfoPlist.strings in Resources */ = {isa = PBXBuildFile; fileRef = 6E9F1AC516ED5B46000356E1 /* InfoPlist.strings */; };
		6E9F1AC916ED5B46000356E1 /* main.m in Sources */ = {isa = PBXBuildFile; fileRef = 6E9F1AC816ED5B46000356E1 /* main.m */; };
		6E9F1ACD16ED5B46000356E1 /* CAppDelegate.m in Sources */ = {isa = PBXBuildFile; fileRef = 6E9F1ACC16ED5B46000356E1 /* CAppDelegate.m */; };
		6E9F1AD016ED5B46000356E1 /* CViewController.m in Sources */ = {isa = PBXBuildFile; fileRef = 6E9F1ACF16ED5B46000356E1 /* CViewController.m */; };
		6E9F1AD316ED5B46000356E1 /* CViewController.xib in Resources */ = {isa = PBXBuildFile; fileRef = 6E9F1AD116ED5B46000356E1 /* CViewController.xib */; };
		C7DDE5F71E52FE8900279EB6 /* NSString+SHEmoji.m in Sources */ = {isa = PBXBuildFile; fileRef = C7DDE5F61E52FE8900279EB6 /* NSString+SHEmoji.m */; };
/* End PBXBuildFile section */

/* Begin PBXFileReference section */
		6E9F1ABA16ED5B46000356E1 /* emojiDemo.app */ = {isa = PBXFileReference; explicitFileType = wrapper.application; includeInIndex = 0; path = emojiDemo.app; sourceTree = BUILT_PRODUCTS_DIR; };
		6E9F1ABE16ED5B46000356E1 /* UIKit.framework */ = {isa = PBXFileReference; lastKnownFileType = wrapper.framework; name = UIKit.framework; path = System/Library/Frameworks/UIKit.framework; sourceTree = SDKROOT; };
		6E9F1AC016ED5B46000356E1 /* Foundation.framework */ = {isa = PBXFileReference; lastKnownFileType = wrapper.framework; name = Foundation.framework; path = System/Library/Frameworks/Foundation.framework; sourceTree = SDKROOT; };
		6E9F1AC416ED5B46000356E1 /* emojiDemo-Info.plist */ = {isa = PBXFileReference; lastKnownFileType = text.plist.xml; path = "emojiDemo-Info.plist"; sourceTree = "<group>"; };
		6E9F1AC616ED5B46000356E1 /* en */ = {isa = PBXFileReference; lastKnownFileType = text.plist.strings; name = en; path = en.lproj/InfoPlist.strings; sourceTree = "<group>"; };
		6E9F1AC816ED5B46000356E1 /* main.m */ = {isa = PBXFileReference; lastKnownFileType = sourcecode.c.objc; path = main.m; sourceTree = "<group>"; };
		6E9F1ACA16ED5B46000356E1 /* emojiDemo-Prefix.pch */ = {isa = PBXFileReference; lastKnownFileType = sourcecode.c.h; path = "emojiDemo-Prefix.pch"; sourceTree = "<group>"; };
		6E9F1ACB16ED5B46000356E1 /* CAppDelegate.h */ = {isa = PBXFileReference; lastKnownFileType = sourcecode.c.h; path = CAppDelegate.h; sourceTree = "<group>"; };
		6E9F1ACC16ED5B46000356E1 /* CAppDelegate.m */ = {isa = PBXFileReference; lastKnownFileType = sourcecode.c.objc; path = CAppDelegate.m; sourceTree = "<group>"; };
		6E9F1ACE16ED5B46000356E1 /* CViewController.h */ = {isa = PBXFileReference; lastKnownFileType = sourcecode.c.h; path = CViewController.h; sourceTree = "<group>"; };
		6E9F1ACF16ED5B46000356E1 /* CViewController.m */ = {isa = PBXFileReference; lastKnownFileType = sourcecode.c.objc; path = CViewController.m; sourceTree = "<group>"; };
		6E9F1AD216ED5B46000356E1 /* en */ = {isa = PBXFileReference; lastKnownFileType = file.xib; name = en; path = en.lproj/CViewController.xib; sourceTree = "<group>"; };
		C7DDE5F51E52FE8900279EB6 /* NSString+SHEmoji.h */ = {isa = PBXFileReference; fileEncoding = 4; lastKnownFileType = sourcecode.c.h; path = "NSString+SHEmoji.h"; sourceTree = "<group>"; };
		C7DDE5F61E52FE8900279EB6 /* NSString+SHEmoji.m */ = {isa = PBXFileReference; fileEncoding = 4; lastKnownFileType = sourcecode.c.objc; path = "NSString+SHEmoji.m"; sourceTree = "<group>"; };
/* End PBXFileReference section */

/* Begin PBXFrameworksBuildPhase section */
		6E9F1AB716ED5B46000356E1 /* Frameworks */ = {
			isa = PBXFrameworksBuildPhase;
			buildActionMask = 2147483647;
			files = (
				6E9F1ABF16ED5B46000356E1 /* UIKit.framework in Frameworks */,
				6E9F1AC116ED5B46000356E1 /* Foundation.framework in Frameworks */,
			);
			runOnlyForDeploymentPostprocessing = 0;
		};
/* End PBXFrameworksBuildPhase section */

/* Begin PBXGroup section */
		6E9F1AAF16ED5B45000356E1 = {
			isa = PBXGroup;
			children = (
				6E9F1AC216ED5B46000356E1 /* emojiDemo */,
				6E9F1ABD16ED5B46000356E1 /* Frameworks */,
				6E9F1ABB16ED5B46000356E1 /* Products */,
			);
			sourceTree = "<group>";
		};
		6E9F1ABB16ED5B46000356E1 /* Products */ = {
			isa = PBXGroup;
			children = (
				6E9F1ABA16ED5B46000356E1 /* emojiDemo.app */,
			);
			name = Products;
			sourceTree = "<group>";
		};
		6E9F1ABD16ED5B46000356E1 /* Frameworks */ = {
			isa = PBXGroup;
			children = (
				6E9F1ABE16ED5B46000356E1 /* UIKit.framework */,
				6E9F1AC016ED5B46000356E1 /* Foundation.framework */,
			);
			name = Frameworks;
			sourceTree = "<group>";
		};
		6E9F1AC216ED5B46000356E1 /* emojiDemo */ = {
			isa = PBXGroup;
			children = (
				6E9F1ACB16ED5B46000356E1 /* CAppDelegate.h */,
				6E9F1ACC16ED5B46000356E1 /* CAppDelegate.m */,
				6E9F1ACE16ED5B46000356E1 /* CViewController.h */,
				6E9F1ACF16ED5B46000356E1 /* CViewController.m */,
				C7DDE5F41E52FE8900279EB6 /* NSString+SHEmoji */,
				6E9F1AD116ED5B46000356E1 /* CViewController.xib */,
				6E9F1AC316ED5B46000356E1 /* Supporting Files */,
			);
			path = emojiDemo;
			sourceTree = "<group>";
		};
		6E9F1AC316ED5B46000356E1 /* Supporting Files */ = {
			isa = PBXGroup;
			children = (
				6E9F1AC416ED5B46000356E1 /* emojiDemo-Info.plist */,
				6E9F1AC516ED5B46000356E1 /* InfoPlist.strings */,
				6E9F1AC816ED5B46000356E1 /* main.m */,
				6E9F1ACA16ED5B46000356E1 /* emojiDemo-Prefix.pch */,
			);
			name = "Supporting Files";
			sourceTree = "<group>";
		};
		C7DDE5F41E52FE8900279EB6 /* NSString+SHEmoji */ = {
			isa = PBXGroup;
			children = (
				C7DDE5F51E52FE8900279EB6 /* NSString+SHEmoji.h */,
				C7DDE5F61E52FE8900279EB6 /* NSString+SHEmoji.m */,
			);
			path = "NSString+SHEmoji";
			sourceTree = SOURCE_ROOT;
		};
/* End PBXGroup section */

/* Begin PBXNativeTarget section */
		6E9F1AB916ED5B46000356E1 /* emojiDemo */ = {
			isa = PBXNativeTarget;
			buildConfigurationList = 6E9F1AD616ED5B46000356E1 /* Build configuration list for PBXNativeTarget "emojiDemo" */;
			buildPhases = (
				6E9F1AB616ED5B46000356E1 /* Sources */,
				6E9F1AB716ED5B46000356E1 /* Frameworks */,
				6E9F1AB816ED5B46000356E1 /* Resources */,
			);
			buildRules = (
			);
			dependencies = (
			);
			name = emojiDemo;
			productName = emojiDemo;
			productReference = 6E9F1ABA16ED5B46000356E1 /* emojiDemo.app */;
			productType = "com.apple.product-type.application";
		};
/* End PBXNativeTarget section */

/* Begin PBXProject section */
		6E9F1AB116ED5B45000356E1 /* Project object */ = {
			isa = PBXProject;
			attributes = {
				LastUpgradeCheck = 0420;
				TargetAttributes = {
					6E9F1AB916ED5B46000356E1 = {
						DevelopmentTeam = 4AW78593E8;
						ProvisioningStyle = Manual;
					};
				};
			};
			buildConfigurationList = 6E9F1AB416ED5B45000356E1 /* Build configuration list for PBXProject "emojiDemo" */;
			compatibilityVersion = "Xcode 3.2";
			developmentRegion = English;
			hasScannedForEncodings = 0;
			knownRegions = (
				en,
			);
			mainGroup = 6E9F1AAF16ED5B45000356E1;
			productRefGroup = 6E9F1ABB16ED5B46000356E1 /* Products */;
			projectDirPath = "";
			projectRoot = "";
			targets = (
				6E9F1AB916ED5B46000356E1 /* emojiDemo */,
			);
		};
/* End PBXProject section */

/* Begin PBXResourcesBuildPhase section */
		6E9F1AB816ED5B46000356E1 /* Resources */ = {
			isa = PBXResourcesBuildPhase;
			buildActionMask = 2147483647;
			files = (
				6E9F1AC716ED5B46000356E1 /* InfoPlist.strings in Resources */,
				6E9F1AD316ED5B46000356E1 /* CViewController.xib in Resources */,
			);
			runOnlyForDeploymentPostprocessing = 0;
		};
/* End PBXResourcesBuildPhase section */

/* Begin PBXSourcesBuildPhase section */
		6E9F1AB616ED5B46000356E1 /* Sources */ = {
			isa = PBXSourcesBuildPhase;
			buildActionMask = 2147483647;
			files = (
				6E9F1AC916ED5B46000356E1 /* main.m in Sources */,
				6E9F1ACD16ED5B46000356E1 /* CAppDelegate.m in Sources */,
				6E9F1AD016ED5B46000356E1 /* CViewController.m in Sources */,
				C7DDE5F71E52FE8900279EB6 /* NSString+SHEmoji.m in Sources */,
			);
			runOnlyForDeploymentPostprocessing = 0;
		};
/* End PBXSourcesBuildPhase section */

/* Begin PBXVariantGroup section */
		6E9F1AC516ED5B46000356E1 /* InfoPlist.strings */ = {
			isa = PBXVariantGroup;
			children = (
				6E9F1AC616ED5B46000356E1 /* en */,
			);
			name = InfoPlist.strings;
			sourceTree = "<group>";
		};
		6E9F1AD116ED5B46000356E1 /* CViewController.xib */ = {
			isa = PBXVariantGroup;
			children = (
				6E9F1AD216ED5B46000356E1 /* en */,
			);
			name = CViewController.xib;
			sourceTree = "<group>";
		};
/* End PBXVariantGroup section */

/* Begin XCBuildConfiguration section */
		6E9F1AD416ED5B46000356E1 /* Debug */ = {
			isa = XCBuildConfiguration;
			buildSettings = {
				ALWAYS_SEARCH_USER_PATHS = NO;
				ARCHS = "$(ARCHS_STANDARD_32_BIT)";
				"CODE_SIGN_IDENTITY[sdk=iphoneos*]" = "iPhone Developer";
				COPY_PHASE_STRIP = NO;
				GCC_C_LANGUAGE_STANDARD = gnu99;
				GCC_DYNAMIC_NO_PIC = NO;
				GCC_OPTIMIZATION_LEVEL = 0;
				GCC_PREPROCESSOR_DEFINITIONS = (
					"DEBUG=1",
					"$(inherited)",
				);
				GCC_SYMBOLS_PRIVATE_EXTERN = NO;
				GCC_VERSION = com.apple.compilers.llvm.clang.1_0;
				GCC_WARN_ABOUT_MISSING_PROTOTYPES = YES;
				GCC_WARN_ABOUT_RETURN_TYPE = YES;
				GCC_WARN_UNUSED_VARIABLE = YES;
				IPHONEOS_DEPLOYMENT_TARGET = 5.0;
				SDKROOT = iphoneos;
			};
			name = Debug;
		};
		6E9F1AD516ED5B46000356E1 /* Release */ = {
			isa = XCBuildConfiguration;
			buildSettings = {
				ALWAYS_SEARCH_USER_PATHS = NO;
				ARCHS = "$(ARCHS_STANDARD_32_BIT)";
				"CODE_SIGN_IDENTITY[sdk=iphoneos*]" = "iPhone Developer";
				COPY_PHASE_STRIP = YES;
				GCC_C_LANGUAGE_STANDARD = gnu99;
				GCC_VERSION = com.apple.compilers.llvm.clang.1_0;
				GCC_WARN_ABOUT_MISSING_PROTOTYPES = YES;
				GCC_WARN_ABOUT_RETURN_TYPE = YES;
				GCC_WARN_UNUSED_VARIABLE = YES;
				IPHONEOS_DEPLOYMENT_TARGET = 5.0;
				OTHER_CFLAGS = "-DNS_BLOCK_ASSERTIONS=1";
				SDKROOT = iphoneos;
				VALIDATE_PRODUCT = YES;
			};
			name = Release;
		};
		6E9F1AD716ED5B46000356E1 /* Debug */ = {
			isa = XCBuildConfiguration;
			buildSettings = {
				DEVELOPMENT_TEAM = 4AW78593E8;
				GCC_PRECOMPILE_PREFIX_HEADER = YES;
				GCC_PREFIX_HEADER = "emojiDemo/emojiDemo-Prefix.pch";
				INFOPLIST_FILE = "emojiDemo/emojiDemo-Info.plist";
				IPHONEOS_DEPLOYMENT_TARGET = 7.1;
				PRODUCT_NAME = "$(TARGET_NAME)";
				PROVISIONING_PROFILE = "48a5436e-cfb6-41c8-9aad-31d0c2f08be7";
				PROVISIONING_PROFILE_SPECIFIER = WeiChaoSOHUDevelopStarProfile;
				WRAPPER_EXTENSION = app;
			};
			name = Debug;
		};
		6E9F1AD816ED5B46000356E1 /* Release */ = {
			isa = XCBuildConfiguration;
			buildSettings = {
				DEVELOPMENT_TEAM = "";
				GCC_PRECOMPILE_PREFIX_HEADER = YES;
				GCC_PREFIX_HEADER = "emojiDemo/emojiDemo-Prefix.pch";
				INFOPLIST_FILE = "emojiDemo/emojiDemo-Info.plist";
				IPHONEOS_DEPLOYMENT_TARGET = 7.1;
				PRODUCT_NAME = "$(TARGET_NAME)";
				WRAPPER_EXTENSION = app;
			};
			name = Release;
		};
/* End XCBuildConfiguration section */

/* Begin XCConfigurationList section */
		6E9F1AB416ED5B45000356E1 /* Build configuration list for PBXProject "emojiDemo" */ = {
			isa = XCConfigurationList;
			buildConfigurations = (
				6E9F1AD416ED5B46000356E1 /* Debug */,
				6E9F1AD516ED5B46000356E1 /* Release */,
			);
			defaultConfigurationIsVisible = 0;
			defaultConfigurationName = Release;
		};
		6E9F1AD616ED5B46000356E1 /* Build configuration list for PBXNativeTarget "emojiDemo" */ = {
			isa = XCConfigurationList;
			buildConfigurations = (
				6E9F1AD716ED5B46000356E1 /* Debug */,
				6E9F1AD816ED5B46000356E1 /* Release */,
			);
			defaultConfigurationIsVisible = 0;
			defaultConfigurationName = Release;
		};
/* End XCConfigurationList section */
	};
	rootObject = 6E9F1AB116ED5B45000356E1 /* Project object */;
}
